
Microsoft Visual Studio Solution File, Format Version 12.00
# Visual Studio 15
VisualStudioVersion = 15.0.28307.271
MinimumVisualStudioVersion = 10.0.40219.1
Project("{A07B5EB6-E848-4116-A8D0-A826331D98C6}") = "DistributedCacheServiceFabricApp", "src\DistributedCacheServiceFabricApp\DistributedCacheServiceFabricApp.sfproj", "{083FA0A4-F720-4F9E-97D1-77EB86A51F79}"
EndProject
Project("{9A19103F-16F7-4668-BE54-9A1E7A4F7556}") = "SoCreate.ServiceFabric.DistributedCache.StatelessService", "src\SoCreate.ServiceFabric.DistributedCache.StatelessService\SoCreate.ServiceFabric.DistributedCache.StatelessService.csproj", "{0B98E889-AC0D-4772-A7E5-BDCC204F1A17}"
EndProject
Project("{9A19103F-16F7-4668-BE54-9A1E7A4F7556}") = "SoCreate.ServiceFabric.DistributedCache.StatefulService", "src\SoCreate.ServiceFabric.DistributedCache.StatefulService\SoCreate.ServiceFabric.DistributedCache.StatefulService.csproj", "{78084B43-5F67-4F8E-BDE2-4D788A9C9B09}"
EndProject
Project("{9A19103F-16F7-4668-BE54-9A1E7A4F7556}") = "SoCreate.ServiceFabric.DistributedCache.Tests", "tests\SoCreate.ServiceFabric.DistributedCache.Tests\SoCreate.ServiceFabric.DistributedCache.Tests.csproj", "{E5B6BE91-0114-4C98-8AEA-96C5A7E5026E}"
EndProject
Project("{9A19103F-16F7-4668-BE54-9A1E7A4F7556}") = "SoCreate.ServiceFabric.DistributedCache", "src\SoCreate.ServiceFabric.DistributedCache\SoCreate.ServiceFabric.DistributedCache.csproj", "{EF6AAE7A-9A4B-47AA-AA4D-3F381478BDBA}"
EndProject
Project("{9A19103F-16F7-4668-BE54-9A1E7A4F7556}") = "SoCreate.ServiceFabric.DistributedCache.StatefulService.Client", "src\SoCreate.ServiceFabric.DistributedCache.StatefulService.Client\SoCreate.ServiceFabric.DistributedCache.StatefulService.Client.csproj", "{2BCE1C39-B4EF-47F4-8554-2B9AD9216E25}"
EndProject
Project("{A07B5EB6-E848-4116-A8D0-A826331D98C6}") = "DistributedCacheWebApiApp", "src\DistributedCacheWebApiApp\DistributedCacheWebApiApp.sfproj", "{3359E817-A6FD-4302-9A82-D07435C6AA17}"
EndProject
Project("{A07B5EB6-E848-4116-A8D0-A826331D98C6}") = "DistributedCacheStoreApp", "src\DistributedCacheStoreApp\DistributedCacheStoreApp.sfproj", "{AA5AB5B4-2384-499B-8948-6889EEE685CD}"
EndProject
Project("{9A19103F-16F7-4668-BE54-9A1E7A4F7556}") = "SoCreate.ServiceFabric.DistributedCache.Abstractions", "src\SoCreate.ServiceFabric.DistributedCache.Abstractions\SoCreate.ServiceFabric.DistributedCache.Abstractions.csproj", "{BB575B8D-C833-4A9F-B5A6-A0F74BDD2AF1}"
EndProject
Project("{A07B5EB6-E848-4116-A8D0-A826331D98C6}") = "DistributedCacheUsingReliableCollections", "src\DistributedCacheUsingReliableCollections\DistributedCacheUsingReliableCollections.sfproj", "{BA723B9F-6DE4-4DB6-B46F-D61CB69A5827}"
EndProject
Project("{9A19103F-16F7-4668-BE54-9A1E7A4F7556}") = "SoCreate.ServiceFabric.DistributedCache.ReliableCollections", "src\SoCreate.ServiceFabric.DistributedCache.ReliableCollections\SoCreate.ServiceFabric.DistributedCache.ReliableCollections.csproj", "{9EE75563-8DCC-452B-A051-66EEE4B2958F}"
EndProject
Project("{A07B5EB6-E848-4116-A8D0-A826331D98C6}") = "DistributedCacheStoreUsingActorService", "src\DistributedCacheStoreUsingActorService\DistributedCacheStoreUsingActorService.sfproj", "{E7D9CBD8-CBC2-46ED-BB0F-DF5BCF284483}"
EndProject
Project("{9A19103F-16F7-4668-BE54-9A1E7A4F7556}") = "SoCreate.ServiceFabric.DistributedCache.ActorServiceCache", "src\SoCreate.ServiceFabric.DistributedCache.ActorServiceCache\SoCreate.ServiceFabric.DistributedCache.ActorServiceCache.csproj", "{B49EE2F8-C106-43E2-94D0-B7DEC612054E}"
EndProject
Project("{9A19103F-16F7-4668-BE54-9A1E7A4F7556}") = "SoCreate.ServiceFabric.DistributedCache.ActorServiceCache.Interfaces", "src\SoCreate.ServiceFabric.DistributedCache.ActorServiceCache.Interfaces\SoCreate.ServiceFabric.DistributedCache.ActorServiceCache.Interfaces.csproj", "{D422A12E-3F90-4059-A29F-DD0778B96977}"
EndProject
Project("{9A19103F-16F7-4668-BE54-9A1E7A4F7556}") = "SoCreate.ServiceFabric.DistributedCache.ActorServiceCache.Client", "src\SoCreate.ServiceFabric.DistributedCache.ActorServiceCache.Client\SoCreate.ServiceFabric.DistributedCache.ActorServiceCache.Client.csproj", "{39751F8E-BEB6-4858-BF79-82CC4C28D142}"
EndProject
Project("{2150E333-8FDC-42A3-9474-1A3956D46DE8}") = "Solution Items", "Solution Items", "{7994F553-40DB-49E3-BFFB-ED076F03A6B1}"
	ProjectSection(SolutionItems) = preProject
		Local.testsettings = Local.testsettings
		remote.testsettings = remote.testsettings
	EndProjectSection
EndProject
Project("{FAE04EC0-301F-11D3-BF4B-00C04F79EFBC}") = "LoadTest", "LoadTest\LoadTest.csproj", "{FE7CF794-95F2-4DA9-ABA4-73C76A9718A2}"
EndProject
Project("{9A19103F-16F7-4668-BE54-9A1E7A4F7556}") = "SoCreate.ServiceFabric.DistributedCache.Redis.Client", "src\SoCreate.ServiceFabric.DistributedCache.Redis.Client\SoCreate.ServiceFabric.DistributedCache.Redis.Client.csproj", "{A30D67CC-959F-42D7-A3AF-52CF62E93219}"
EndProject
Global
	GlobalSection(SolutionConfigurationPlatforms) = preSolution
		Debug|Any CPU = Debug|Any CPU
		Debug|x64 = Debug|x64
		Release|Any CPU = Release|Any CPU
		Release|x64 = Release|x64
	EndGlobalSection
	GlobalSection(ProjectConfigurationPlatforms) = postSolution
		{083FA0A4-F720-4F9E-97D1-77EB86A51F79}.Debug|Any CPU.ActiveCfg = Debug|x64
		{083FA0A4-F720-4F9E-97D1-77EB86A51F79}.Debug|x64.ActiveCfg = Debug|x64
		{083FA0A4-F720-4F9E-97D1-77EB86A51F79}.Debug|x64.Build.0 = Debug|x64
		{083FA0A4-F720-4F9E-97D1-77EB86A51F79}.Debug|x64.Deploy.0 = Debug|x64
		{083FA0A4-F720-4F9E-97D1-77EB86A51F79}.Release|Any CPU.ActiveCfg = Release|x64
		{083FA0A4-F720-4F9E-97D1-77EB86A51F79}.Release|x64.ActiveCfg = Release|x64
		{083FA0A4-F720-4F9E-97D1-77EB86A51F79}.Release|x64.Build.0 = Release|x64
		{083FA0A4-F720-4F9E-97D1-77EB86A51F79}.Release|x64.Deploy.0 = Release|x64
		{0B98E889-AC0D-4772-A7E5-BDCC204F1A17}.Debug|Any CPU.ActiveCfg = Debug|Any CPU
		{0B98E889-AC0D-4772-A7E5-BDCC204F1A17}.Debug|Any CPU.Build.0 = Debug|Any CPU
		{0B98E889-AC0D-4772-A7E5-BDCC204F1A17}.Debug|x64.ActiveCfg = Debug|Any CPU
		{0B98E889-AC0D-4772-A7E5-BDCC204F1A17}.Debug|x64.Build.0 = Debug|Any CPU
		{0B98E889-AC0D-4772-A7E5-BDCC204F1A17}.Release|Any CPU.ActiveCfg = Release|Any CPU
		{0B98E889-AC0D-4772-A7E5-BDCC204F1A17}.Release|Any CPU.Build.0 = Release|Any CPU
		{0B98E889-AC0D-4772-A7E5-BDCC204F1A17}.Release|x64.ActiveCfg = Release|Any CPU
		{0B98E889-AC0D-4772-A7E5-BDCC204F1A17}.Release|x64.Build.0 = Release|Any CPU
		{78084B43-5F67-4F8E-BDE2-4D788A9C9B09}.Debug|Any CPU.ActiveCfg = Debug|Any CPU
		{78084B43-5F67-4F8E-BDE2-4D788A9C9B09}.Debug|Any CPU.Build.0 = Debug|Any CPU
		{78084B43-5F67-4F8E-BDE2-4D788A9C9B09}.Debug|x64.ActiveCfg = Debug|Any CPU
		{78084B43-5F67-4F8E-BDE2-4D788A9C9B09}.Debug|x64.Build.0 = Debug|Any CPU
		{78084B43-5F67-4F8E-BDE2-4D788A9C9B09}.Release|Any CPU.ActiveCfg = Release|Any CPU
		{78084B43-5F67-4F8E-BDE2-4D788A9C9B09}.Release|Any CPU.Build.0 = Release|Any CPU
		{78084B43-5F67-4F8E-BDE2-4D788A9C9B09}.Release|x64.ActiveCfg = Release|Any CPU
		{78084B43-5F67-4F8E-BDE2-4D788A9C9B09}.Release|x64.Build.0 = Release|Any CPU
		{E5B6BE91-0114-4C98-8AEA-96C5A7E5026E}.Debug|Any CPU.ActiveCfg = Debug|Any CPU
		{E5B6BE91-0114-4C98-8AEA-96C5A7E5026E}.Debug|Any CPU.Build.0 = Debug|Any CPU
		{E5B6BE91-0114-4C98-8AEA-96C5A7E5026E}.Debug|x64.ActiveCfg = Debug|Any CPU
		{E5B6BE91-0114-4C98-8AEA-96C5A7E5026E}.Debug|x64.Build.0 = Debug|Any CPU
		{E5B6BE91-0114-4C98-8AEA-96C5A7E5026E}.Release|Any CPU.ActiveCfg = Release|Any CPU
		{E5B6BE91-0114-4C98-8AEA-96C5A7E5026E}.Release|Any CPU.Build.0 = Release|Any CPU
		{E5B6BE91-0114-4C98-8AEA-96C5A7E5026E}.Release|x64.ActiveCfg = Release|Any CPU
		{E5B6BE91-0114-4C98-8AEA-96C5A7E5026E}.Release|x64.Build.0 = Release|Any CPU
		{EF6AAE7A-9A4B-47AA-AA4D-3F381478BDBA}.Debug|Any CPU.ActiveCfg = Debug|Any CPU
		{EF6AAE7A-9A4B-47AA-AA4D-3F381478BDBA}.Debug|Any CPU.Build.0 = Debug|Any CPU
		{EF6AAE7A-9A4B-47AA-AA4D-3F381478BDBA}.Debug|x64.ActiveCfg = Debug|Any CPU
		{EF6AAE7A-9A4B-47AA-AA4D-3F381478BDBA}.Debug|x64.Build.0 = Debug|Any CPU
		{EF6AAE7A-9A4B-47AA-AA4D-3F381478BDBA}.Release|Any CPU.ActiveCfg = Release|Any CPU
		{EF6AAE7A-9A4B-47AA-AA4D-3F381478BDBA}.Release|Any CPU.Build.0 = Release|Any CPU
		{EF6AAE7A-9A4B-47AA-AA4D-3F381478BDBA}.Release|x64.ActiveCfg = Release|Any CPU
		{EF6AAE7A-9A4B-47AA-AA4D-3F381478BDBA}.Release|x64.Build.0 = Release|Any CPU
		{2BCE1C39-B4EF-47F4-8554-2B9AD9216E25}.Debug|Any CPU.ActiveCfg = Debug|Any CPU
		{2BCE1C39-B4EF-47F4-8554-2B9AD9216E25}.Debug|Any CPU.Build.0 = Debug|Any CPU
		{2BCE1C39-B4EF-47F4-8554-2B9AD9216E25}.Debug|x64.ActiveCfg = Debug|Any CPU
		{2BCE1C39-B4EF-47F4-8554-2B9AD9216E25}.Debug|x64.Build.0 = Debug|Any CPU
		{2BCE1C39-B4EF-47F4-8554-2B9AD9216E25}.Release|Any CPU.ActiveCfg = Release|Any CPU
		{2BCE1C39-B4EF-47F4-8554-2B9AD9216E25}.Release|Any CPU.Build.0 = Release|Any CPU
		{2BCE1C39-B4EF-47F4-8554-2B9AD9216E25}.Release|x64.ActiveCfg = Release|Any CPU
		{2BCE1C39-B4EF-47F4-8554-2B9AD9216E25}.Release|x64.Build.0 = Release|Any CPU
		{3359E817-A6FD-4302-9A82-D07435C6AA17}.Debug|Any CPU.ActiveCfg = Debug|x64
		{3359E817-A6FD-4302-9A82-D07435C6AA17}.Debug|x64.ActiveCfg = Debug|x64
		{3359E817-A6FD-4302-9A82-D07435C6AA17}.Debug|x64.Build.0 = Debug|x64
		{3359E817-A6FD-4302-9A82-D07435C6AA17}.Debug|x64.Deploy.0 = Debug|x64
		{3359E817-A6FD-4302-9A82-D07435C6AA17}.Release|Any CPU.ActiveCfg = Release|x64
		{3359E817-A6FD-4302-9A82-D07435C6AA17}.Release|x64.ActiveCfg = Release|x64
		{3359E817-A6FD-4302-9A82-D07435C6AA17}.Release|x64.Build.0 = Release|x64
		{3359E817-A6FD-4302-9A82-D07435C6AA17}.Release|x64.Deploy.0 = Release|x64
		{AA5AB5B4-2384-499B-8948-6889EEE685CD}.Debug|Any CPU.ActiveCfg = Debug|x64
		{AA5AB5B4-2384-499B-8948-6889EEE685CD}.Debug|x64.ActiveCfg = Debug|x64
		{AA5AB5B4-2384-499B-8948-6889EEE685CD}.Debug|x64.Build.0 = Debug|x64
		{AA5AB5B4-2384-499B-8948-6889EEE685CD}.Debug|x64.Deploy.0 = Debug|x64
		{AA5AB5B4-2384-499B-8948-6889EEE685CD}.Release|Any CPU.ActiveCfg = Release|x64
		{AA5AB5B4-2384-499B-8948-6889EEE685CD}.Release|x64.ActiveCfg = Release|x64
		{AA5AB5B4-2384-499B-8948-6889EEE685CD}.Release|x64.Build.0 = Release|x64
		{AA5AB5B4-2384-499B-8948-6889EEE685CD}.Release|x64.Deploy.0 = Release|x64
		{BB575B8D-C833-4A9F-B5A6-A0F74BDD2AF1}.Debug|Any CPU.ActiveCfg = Debug|Any CPU
		{BB575B8D-C833-4A9F-B5A6-A0F74BDD2AF1}.Debug|Any CPU.Build.0 = Debug|Any CPU
		{BB575B8D-C833-4A9F-B5A6-A0F74BDD2AF1}.Debug|x64.ActiveCfg = Debug|Any CPU
		{BB575B8D-C833-4A9F-B5A6-A0F74BDD2AF1}.Debug|x64.Build.0 = Debug|Any CPU
		{BB575B8D-C833-4A9F-B5A6-A0F74BDD2AF1}.Release|Any CPU.ActiveCfg = Release|Any CPU
		{BB575B8D-C833-4A9F-B5A6-A0F74BDD2AF1}.Release|Any CPU.Build.0 = Release|Any CPU
		{BB575B8D-C833-4A9F-B5A6-A0F74BDD2AF1}.Release|x64.ActiveCfg = Release|Any CPU
		{BB575B8D-C833-4A9F-B5A6-A0F74BDD2AF1}.Release|x64.Build.0 = Release|Any CPU
		{BA723B9F-6DE4-4DB6-B46F-D61CB69A5827}.Debug|Any CPU.ActiveCfg = Debug|x64
		{BA723B9F-6DE4-4DB6-B46F-D61CB69A5827}.Debug|x64.ActiveCfg = Debug|x64
		{BA723B9F-6DE4-4DB6-B46F-D61CB69A5827}.Debug|x64.Build.0 = Debug|x64
		{BA723B9F-6DE4-4DB6-B46F-D61CB69A5827}.Debug|x64.Deploy.0 = Debug|x64
		{BA723B9F-6DE4-4DB6-B46F-D61CB69A5827}.Release|Any CPU.ActiveCfg = Release|x64
		{BA723B9F-6DE4-4DB6-B46F-D61CB69A5827}.Release|x64.ActiveCfg = Release|x64
		{BA723B9F-6DE4-4DB6-B46F-D61CB69A5827}.Release|x64.Build.0 = Release|x64
		{BA723B9F-6DE4-4DB6-B46F-D61CB69A5827}.Release|x64.Deploy.0 = Release|x64
		{9EE75563-8DCC-452B-A051-66EEE4B2958F}.Debug|Any CPU.ActiveCfg = Debug|Any CPU
		{9EE75563-8DCC-452B-A051-66EEE4B2958F}.Debug|Any CPU.Build.0 = Debug|Any CPU
		{9EE75563-8DCC-452B-A051-66EEE4B2958F}.Debug|x64.ActiveCfg = Debug|Any CPU
		{9EE75563-8DCC-452B-A051-66EEE4B2958F}.Debug|x64.Build.0 = Debug|Any CPU
		{9EE75563-8DCC-452B-A051-66EEE4B2958F}.Release|Any CPU.ActiveCfg = Release|Any CPU
		{9EE75563-8DCC-452B-A051-66EEE4B2958F}.Release|Any CPU.Build.0 = Release|Any CPU
		{9EE75563-8DCC-452B-A051-66EEE4B2958F}.Release|x64.ActiveCfg = Release|Any CPU
		{9EE75563-8DCC-452B-A051-66EEE4B2958F}.Release|x64.Build.0 = Release|Any CPU
		{E7D9CBD8-CBC2-46ED-BB0F-DF5BCF284483}.Debug|Any CPU.ActiveCfg = Debug|x64
		{E7D9CBD8-CBC2-46ED-BB0F-DF5BCF284483}.Debug|x64.ActiveCfg = Debug|x64
		{E7D9CBD8-CBC2-46ED-BB0F-DF5BCF284483}.Debug|x64.Build.0 = Debug|x64
		{E7D9CBD8-CBC2-46ED-BB0F-DF5BCF284483}.Debug|x64.Deploy.0 = Debug|x64
		{E7D9CBD8-CBC2-46ED-BB0F-DF5BCF284483}.Release|Any CPU.ActiveCfg = Release|x64
		{E7D9CBD8-CBC2-46ED-BB0F-DF5BCF284483}.Release|x64.ActiveCfg = Release|x64
		{E7D9CBD8-CBC2-46ED-BB0F-DF5BCF284483}.Release|x64.Build.0 = Release|x64
		{E7D9CBD8-CBC2-46ED-BB0F-DF5BCF284483}.Release|x64.Deploy.0 = Release|x64
		{B49EE2F8-C106-43E2-94D0-B7DEC612054E}.Debug|Any CPU.ActiveCfg = Debug|Any CPU
		{B49EE2F8-C106-43E2-94D0-B7DEC612054E}.Debug|Any CPU.Build.0 = Debug|Any CPU
		{B49EE2F8-C106-43E2-94D0-B7DEC612054E}.Debug|x64.ActiveCfg = Debug|Any CPU
		{B49EE2F8-C106-43E2-94D0-B7DEC612054E}.Debug|x64.Build.0 = Debug|Any CPU
		{B49EE2F8-C106-43E2-94D0-B7DEC612054E}.Release|Any CPU.ActiveCfg = Release|Any CPU
		{B49EE2F8-C106-43E2-94D0-B7DEC612054E}.Release|Any CPU.Build.0 = Release|Any CPU
		{B49EE2F8-C106-43E2-94D0-B7DEC612054E}.Release|x64.ActiveCfg = Release|Any CPU
		{B49EE2F8-C106-43E2-94D0-B7DEC612054E}.Release|x64.Build.0 = Release|Any CPU
		{D422A12E-3F90-4059-A29F-DD0778B96977}.Debug|Any CPU.ActiveCfg = Debug|Any CPU
		{D422A12E-3F90-4059-A29F-DD0778B96977}.Debug|Any CPU.Build.0 = Debug|Any CPU
		{D422A12E-3F90-4059-A29F-DD0778B96977}.Debug|x64.ActiveCfg = Debug|Any CPU
		{D422A12E-3F90-4059-A29F-DD0778B96977}.Debug|x64.Build.0 = Debug|Any CPU
		{D422A12E-3F90-4059-A29F-DD0778B96977}.Release|Any CPU.ActiveCfg = Release|Any CPU
		{D422A12E-3F90-4059-A29F-DD0778B96977}.Release|Any CPU.Build.0 = Release|Any CPU
		{D422A12E-3F90-4059-A29F-DD0778B96977}.Release|x64.ActiveCfg = Release|Any CPU
		{D422A12E-3F90-4059-A29F-DD0778B96977}.Release|x64.Build.0 = Release|Any CPU
		{39751F8E-BEB6-4858-BF79-82CC4C28D142}.Debug|Any CPU.ActiveCfg = Debug|Any CPU
		{39751F8E-BEB6-4858-BF79-82CC4C28D142}.Debug|Any CPU.Build.0 = Debug|Any CPU
		{39751F8E-BEB6-4858-BF79-82CC4C28D142}.Debug|x64.ActiveCfg = Debug|Any CPU
		{39751F8E-BEB6-4858-BF79-82CC4C28D142}.Debug|x64.Build.0 = Debug|Any CPU
		{39751F8E-BEB6-4858-BF79-82CC4C28D142}.Release|Any CPU.ActiveCfg = Release|Any CPU
		{39751F8E-BEB6-4858-BF79-82CC4C28D142}.Release|Any CPU.Build.0 = Release|Any CPU
		{39751F8E-BEB6-4858-BF79-82CC4C28D142}.Release|x64.ActiveCfg = Release|Any CPU
		{39751F8E-BEB6-4858-BF79-82CC4C28D142}.Release|x64.Build.0 = Release|Any CPU
		{FE7CF794-95F2-4DA9-ABA4-73C76A9718A2}.Debug|Any CPU.ActiveCfg = Debug|Any CPU
		{FE7CF794-95F2-4DA9-ABA4-73C76A9718A2}.Debug|Any CPU.Build.0 = Debug|Any CPU
		{FE7CF794-95F2-4DA9-ABA4-73C76A9718A2}.Debug|x64.ActiveCfg = Debug|Any CPU
		{FE7CF794-95F2-4DA9-ABA4-73C76A9718A2}.Debug|x64.Build.0 = Debug|Any CPU
		{FE7CF794-95F2-4DA9-ABA4-73C76A9718A2}.Release|Any CPU.ActiveCfg = Release|Any CPU
		{FE7CF794-95F2-4DA9-ABA4-73C76A9718A2}.Release|Any CPU.Build.0 = Release|Any CPU
		{FE7CF794-95F2-4DA9-ABA4-73C76A9718A2}.Release|x64.ActiveCfg = Release|Any CPU
		{FE7CF794-95F2-4DA9-ABA4-73C76A9718A2}.Release|x64.Build.0 = Release|Any CPU
		{A30D67CC-959F-42D7-A3AF-52CF62E93219}.Debug|Any CPU.ActiveCfg = Debug|Any CPU
		{A30D67CC-959F-42D7-A3AF-52CF62E93219}.Debug|Any CPU.Build.0 = Debug|Any CPU
		{A30D67CC-959F-42D7-A3AF-52CF62E93219}.Debug|x64.ActiveCfg = Debug|Any CPU
		{A30D67CC-959F-42D7-A3AF-52CF62E93219}.Debug|x64.Build.0 = Debug|Any CPU
		{A30D67CC-959F-42D7-A3AF-52CF62E93219}.Release|Any CPU.ActiveCfg = Release|Any CPU
		{A30D67CC-959F-42D7-A3AF-52CF62E93219}.Release|Any CPU.Build.0 = Release|Any CPU
		{A30D67CC-959F-42D7-A3AF-52CF62E93219}.Release|x64.ActiveCfg = Release|Any CPU
		{A30D67CC-959F-42D7-A3AF-52CF62E93219}.Release|x64.Build.0 = Release|Any CPU
	EndGlobalSection
	GlobalSection(SolutionProperties) = preSolution
		HideSolutionNode = FALSE
	EndGlobalSection
	GlobalSection(ExtensibilityGlobals) = postSolution
		SolutionGuid = {CC598FD8-CADC-41C7-B6C1-B9BAB7A6496F}
	EndGlobalSection
EndGlobal
